// !$*UTF8*$!
{
	archiveVersion = 1;
	classes = {
	};
	objectVersion = 56;
	objects = {

/* Begin PBXBuildFile section */
		978E5EA62AE073C500112C8F /* InsetFactView.swift in Sources */ = {isa = PBXBuildFile; fileRef = 978E5EA52AE073C500112C8F /* InsetFactView.swift */; };
		978E5EA82AE07ADB00112C8F /* InsetMapView.swift in Sources */ = {isa = PBXBuildFile; fileRef = 978E5EA72AE07ADB00112C8F /* InsetMapView.swift */; };
		978E5EAA2AE07E7C00112C8F /* ExternalWeblinkView.swift in Sources */ = {isa = PBXBuildFile; fileRef = 978E5EA92AE07E7C00112C8F /* ExternalWeblinkView.swift */; };
		97B189AF2ADD35D600CA1A51 /* JungleAppApp.swift in Sources */ = {isa = PBXBuildFile; fileRef = 97B189AE2ADD35D600CA1A51 /* JungleAppApp.swift */; };
		97B189B12ADD35D600CA1A51 /* ContentView.swift in Sources */ = {isa = PBXBuildFile; fileRef = 97B189B02ADD35D600CA1A51 /* ContentView.swift */; };
		97B189B32ADD35D700CA1A51 /* Assets.xcassets in Resources */ = {isa = PBXBuildFile; fileRef = 97B189B22ADD35D700CA1A51 /* Assets.xcassets */; };
		97B189B62ADD35D700CA1A51 /* Preview Assets.xcassets in Resources */ = {isa = PBXBuildFile; fileRef = 97B189B52ADD35D700CA1A51 /* Preview Assets.xcassets */; };
		97B189C72ADD396200CA1A51 /* giraffe.mp4 in Resources */ = {isa = PBXBuildFile; fileRef = 97B189BD2ADD396100CA1A51 /* giraffe.mp4 */; };
		97B189C82ADD396200CA1A51 /* cheetah.mp4 in Resources */ = {isa = PBXBuildFile; fileRef = 97B189BE2ADD396100CA1A51 /* cheetah.mp4 */; };
		97B189C92ADD396200CA1A51 /* zebra.mp4 in Resources */ = {isa = PBXBuildFile; fileRef = 97B189BF2ADD396100CA1A51 /* zebra.mp4 */; };
		97B189CA2ADD396200CA1A51 /* hippo.mp4 in Resources */ = {isa = PBXBuildFile; fileRef = 97B189C02ADD396100CA1A51 /* hippo.mp4 */; };
		97B189CB2ADD396200CA1A51 /* lion.mp4 in Resources */ = {isa = PBXBuildFile; fileRef = 97B189C12ADD396100CA1A51 /* lion.mp4 */; };
		97B189CC2ADD396200CA1A51 /* elephant.mp4 in Resources */ = {isa = PBXBuildFile; fileRef = 97B189C22ADD396100CA1A51 /* elephant.mp4 */; };
		97B189CD2ADD396200CA1A51 /* lioness.mp4 in Resources */ = {isa = PBXBuildFile; fileRef = 97B189C32ADD396100CA1A51 /* lioness.mp4 */; };
		97B189CE2ADD396200CA1A51 /* gorilla.mp4 in Resources */ = {isa = PBXBuildFile; fileRef = 97B189C42ADD396100CA1A51 /* gorilla.mp4 */; };
		97B189CF2ADD396200CA1A51 /* ostrich.mp4 in Resources */ = {isa = PBXBuildFile; fileRef = 97B189C52ADD396200CA1A51 /* ostrich.mp4 */; };
		97B189D02ADD396200CA1A51 /* rhino.mp4 in Resources */ = {isa = PBXBuildFile; fileRef = 97B189C62ADD396200CA1A51 /* rhino.mp4 */; };
		97B189D62ADD39A700CA1A51 /* covers.json in Resources */ = {isa = PBXBuildFile; fileRef = 97B189D22ADD39A700CA1A51 /* covers.json */; };
		97B189D72ADD39A700CA1A51 /* locations.json in Resources */ = {isa = PBXBuildFile; fileRef = 97B189D32ADD39A700CA1A51 /* locations.json */; };
		97B189D82ADD39A700CA1A51 /* animals.json in Resources */ = {isa = PBXBuildFile; fileRef = 97B189D42ADD39A700CA1A51 /* animals.json */; };
		97B189D92ADD39A700CA1A51 /* videos.json in Resources */ = {isa = PBXBuildFile; fileRef = 97B189D52ADD39A700CA1A51 /* videos.json */; };
		97B189DD2ADD3CC300CA1A51 /* VideoListView.swift in Sources */ = {isa = PBXBuildFile; fileRef = 97B189DC2ADD3CC300CA1A51 /* VideoListView.swift */; };
		97B189DF2ADD3CEE00CA1A51 /* MapView.swift in Sources */ = {isa = PBXBuildFile; fileRef = 97B189DE2ADD3CEE00CA1A51 /* MapView.swift */; };
		97B189E12ADD3D1500CA1A51 /* GalleryView.swift in Sources */ = {isa = PBXBuildFile; fileRef = 97B189E02ADD3D1500CA1A51 /* GalleryView.swift */; };
		97B189E32ADD3D2B00CA1A51 /* MainView.swift in Sources */ = {isa = PBXBuildFile; fileRef = 97B189E22ADD3D2B00CA1A51 /* MainView.swift */; };
		97B189E62ADD62F900CA1A51 /* CoverImageView.swift in Sources */ = {isa = PBXBuildFile; fileRef = 97B189E52ADD62F900CA1A51 /* CoverImageView.swift */; };
		97B189E92ADDC5BE00CA1A51 /* CoverImageModel.swift in Sources */ = {isa = PBXBuildFile; fileRef = 97B189E82ADDC5BE00CA1A51 /* CoverImageModel.swift */; };
		97B189EC2ADDC69A00CA1A51 /* CodableBundleExtension.swift in Sources */ = {isa = PBXBuildFile; fileRef = 97B189EB2ADDC69A00CA1A51 /* CodableBundleExtension.swift */; };
		97B189EE2ADDD0E600CA1A51 /* AnimalListItemView.swift in Sources */ = {isa = PBXBuildFile; fileRef = 97B189ED2ADDD0E600CA1A51 /* AnimalListItemView.swift */; };
		97B189F02ADDD2B700CA1A51 /* AnimalModel.swift in Sources */ = {isa = PBXBuildFile; fileRef = 97B189EF2ADDD2B700CA1A51 /* AnimalModel.swift */; };
		97B189F22ADDD5FB00CA1A51 /* AnimalDetailView.swift in Sources */ = {isa = PBXBuildFile; fileRef = 97B189F12ADDD5FB00CA1A51 /* AnimalDetailView.swift */; };
		97B189F42ADDDB5A00CA1A51 /* HeadingView.swift in Sources */ = {isa = PBXBuildFile; fileRef = 97B189F32ADDDB5A00CA1A51 /* HeadingView.swift */; };
		97B189F62ADDDCF900CA1A51 /* InsetGalleryView.swift in Sources */ = {isa = PBXBuildFile; fileRef = 97B189F52ADDDCF900CA1A51 /* InsetGalleryView.swift */; };
/* End PBXBuildFile section */

/* Begin PBXFileReference section */
		978E5EA52AE073C500112C8F /* InsetFactView.swift */ = {isa = PBXFileReference; lastKnownFileType = sourcecode.swift; path = InsetFactView.swift; sourceTree = "<group>"; };
		978E5EA72AE07ADB00112C8F /* InsetMapView.swift */ = {isa = PBXFileReference; lastKnownFileType = sourcecode.swift; path = InsetMapView.swift; sourceTree = "<group>"; };
		978E5EA92AE07E7C00112C8F /* ExternalWeblinkView.swift */ = {isa = PBXFileReference; lastKnownFileType = sourcecode.swift; path = ExternalWeblinkView.swift; sourceTree = "<group>"; };
		97B189AB2ADD35D600CA1A51 /* JungleApp.app */ = {isa = PBXFileReference; explicitFileType = wrapper.application; includeInIndex = 0; path = JungleApp.app; sourceTree = BUILT_PRODUCTS_DIR; };
		97B189AE2ADD35D600CA1A51 /* JungleAppApp.swift */ = {isa = PBXFileReference; lastKnownFileType = sourcecode.swift; path = JungleAppApp.swift; sourceTree = "<group>"; };
		97B189B02ADD35D600CA1A51 /* ContentView.swift */ = {isa = PBXFileReference; lastKnownFileType = sourcecode.swift; path = ContentView.swift; sourceTree = "<group>"; };
		97B189B22ADD35D700CA1A51 /* Assets.xcassets */ = {isa = PBXFileReference; lastKnownFileType = folder.assetcatalog; path = Assets.xcassets; sourceTree = "<group>"; };
		97B189B52ADD35D700CA1A51 /* Preview Assets.xcassets */ = {isa = PBXFileReference; lastKnownFileType = folder.assetcatalog; path = "Preview Assets.xcassets"; sourceTree = "<group>"; };
		97B189BD2ADD396100CA1A51 /* giraffe.mp4 */ = {isa = PBXFileReference; lastKnownFileType = file; path = giraffe.mp4; sourceTree = "<group>"; };
		97B189BE2ADD396100CA1A51 /* cheetah.mp4 */ = {isa = PBXFileReference; lastKnownFileType = file; path = cheetah.mp4; sourceTree = "<group>"; };
		97B189BF2ADD396100CA1A51 /* zebra.mp4 */ = {isa = PBXFileReference; lastKnownFileType = file; path = zebra.mp4; sourceTree = "<group>"; };
		97B189C02ADD396100CA1A51 /* hippo.mp4 */ = {isa = PBXFileReference; lastKnownFileType = file; path = hippo.mp4; sourceTree = "<group>"; };
		97B189C12ADD396100CA1A51 /* lion.mp4 */ = {isa = PBXFileReference; lastKnownFileType = file; path = lion.mp4; sourceTree = "<group>"; };
		97B189C22ADD396100CA1A51 /* elephant.mp4 */ = {isa = PBXFileReference; lastKnownFileType = file; path = elephant.mp4; sourceTree = "<group>"; };
		97B189C32ADD396100CA1A51 /* lioness.mp4 */ = {isa = PBXFileReference; lastKnownFileType = file; path = lioness.mp4; sourceTree = "<group>"; };
		97B189C42ADD396100CA1A51 /* gorilla.mp4 */ = {isa = PBXFileReference; lastKnownFileType = file; path = gorilla.mp4; sourceTree = "<group>"; };
		97B189C52ADD396200CA1A51 /* ostrich.mp4 */ = {isa = PBXFileReference; lastKnownFileType = file; path = ostrich.mp4; sourceTree = "<group>"; };
		97B189C62ADD396200CA1A51 /* rhino.mp4 */ = {isa = PBXFileReference; lastKnownFileType = file; path = rhino.mp4; sourceTree = "<group>"; };
		97B189D22ADD39A700CA1A51 /* covers.json */ = {isa = PBXFileReference; fileEncoding = 4; lastKnownFileType = text.json; path = covers.json; sourceTree = "<group>"; };
		97B189D32ADD39A700CA1A51 /* locations.json */ = {isa = PBXFileReference; fileEncoding = 4; lastKnownFileType = text.json; path = locations.json; sourceTree = "<group>"; };
		97B189D42ADD39A700CA1A51 /* animals.json */ = {isa = PBXFileReference; fileEncoding = 4; lastKnownFileType = text.json; path = animals.json; sourceTree = "<group>"; };
		97B189D52ADD39A700CA1A51 /* videos.json */ = {isa = PBXFileReference; fileEncoding = 4; lastKnownFileType = text.json; path = videos.json; sourceTree = "<group>"; };
		97B189DA2ADD3AE600CA1A51 /* Info.plist */ = {isa = PBXFileReference; lastKnownFileType = text.plist; path = Info.plist; sourceTree = "<group>"; };
		97B189DC2ADD3CC300CA1A51 /* VideoListView.swift */ = {isa = PBXFileReference; lastKnownFileType = sourcecode.swift; path = VideoListView.swift; sourceTree = "<group>"; };
		97B189DE2ADD3CEE00CA1A51 /* MapView.swift */ = {isa = PBXFileReference; lastKnownFileType = sourcecode.swift; path = MapView.swift; sourceTree = "<group>"; };
		97B189E02ADD3D1500CA1A51 /* GalleryView.swift */ = {isa = PBXFileReference; lastKnownFileType = sourcecode.swift; path = GalleryView.swift; sourceTree = "<group>"; };
		97B189E22ADD3D2B00CA1A51 /* MainView.swift */ = {isa = PBXFileReference; lastKnownFileType = sourcecode.swift; path = MainView.swift; sourceTree = "<group>"; };
		97B189E52ADD62F900CA1A51 /* CoverImageView.swift */ = {isa = PBXFileReference; lastKnownFileType = sourcecode.swift; path = CoverImageView.swift; sourceTree = "<group>"; };
		97B189E82ADDC5BE00CA1A51 /* CoverImageModel.swift */ = {isa = PBXFileReference; lastKnownFileType = sourcecode.swift; path = CoverImageModel.swift; sourceTree = "<group>"; };
		97B189EB2ADDC69A00CA1A51 /* CodableBundleExtension.swift */ = {isa = PBXFileReference; lastKnownFileType = sourcecode.swift; path = CodableBundleExtension.swift; sourceTree = "<group>"; };
		97B189ED2ADDD0E600CA1A51 /* AnimalListItemView.swift */ = {isa = PBXFileReference; lastKnownFileType = sourcecode.swift; path = AnimalListItemView.swift; sourceTree = "<group>"; };
		97B189EF2ADDD2B700CA1A51 /* AnimalModel.swift */ = {isa = PBXFileReference; lastKnownFileType = sourcecode.swift; path = AnimalModel.swift; sourceTree = "<group>"; };
		97B189F12ADDD5FB00CA1A51 /* AnimalDetailView.swift */ = {isa = PBXFileReference; lastKnownFileType = sourcecode.swift; path = AnimalDetailView.swift; sourceTree = "<group>"; };
		97B189F32ADDDB5A00CA1A51 /* HeadingView.swift */ = {isa = PBXFileReference; lastKnownFileType = sourcecode.swift; path = HeadingView.swift; sourceTree = "<group>"; };
		97B189F52ADDDCF900CA1A51 /* InsetGalleryView.swift */ = {isa = PBXFileReference; lastKnownFileType = sourcecode.swift; path = InsetGalleryView.swift; sourceTree = "<group>"; };
/* End PBXFileReference section */

/* Begin PBXFrameworksBuildPhase section */
		97B189A82ADD35D600CA1A51 /* Frameworks */ = {
			isa = PBXFrameworksBuildPhase;
			buildActionMask = 2147483647;
			files = (
			);
			runOnlyForDeploymentPostprocessing = 0;
		};
/* End PBXFrameworksBuildPhase section */

/* Begin PBXGroup section */
		97B189A22ADD35D600CA1A51 = {
			isa = PBXGroup;
			children = (
				97B189AD2ADD35D600CA1A51 /* JungleApp */,
				97B189AC2ADD35D600CA1A51 /* Products */,
			);
			sourceTree = "<group>";
		};
		97B189AC2ADD35D600CA1A51 /* Products */ = {
			isa = PBXGroup;
			children = (
				97B189AB2ADD35D600CA1A51 /* JungleApp.app */,
			);
			name = Products;
			sourceTree = "<group>";
		};
		97B189AD2ADD35D600CA1A51 /* JungleApp */ = {
			isa = PBXGroup;
			children = (
				97B189EA2ADDC67700CA1A51 /* Extension */,
				97B189E72ADDC59900CA1A51 /* Moldel */,
				97B189E42ADD62E800CA1A51 /* View */,
				97B189DA2ADD3AE600CA1A51 /* Info.plist */,
				97B189D12ADD397E00CA1A51 /* Data */,
				97B189BC2ADD392800CA1A51 /* Video */,
				97B189DB2ADD3C8600CA1A51 /* App */,
				97B189B22ADD35D700CA1A51 /* Assets.xcassets */,
				97B189B42ADD35D700CA1A51 /* Preview Content */,
			);
			path = JungleApp;
			sourceTree = "<group>";
		};
		97B189B42ADD35D700CA1A51 /* Preview Content */ = {
			isa = PBXGroup;
			children = (
				97B189B52ADD35D700CA1A51 /* Preview Assets.xcassets */,
			);
			path = "Preview Content";
			sourceTree = "<group>";
		};
		97B189BC2ADD392800CA1A51 /* Video */ = {
			isa = PBXGroup;
			children = (
				97B189BE2ADD396100CA1A51 /* cheetah.mp4 */,
				97B189C22ADD396100CA1A51 /* elephant.mp4 */,
				97B189BD2ADD396100CA1A51 /* giraffe.mp4 */,
				97B189C42ADD396100CA1A51 /* gorilla.mp4 */,
				97B189C02ADD396100CA1A51 /* hippo.mp4 */,
				97B189C12ADD396100CA1A51 /* lion.mp4 */,
				97B189C32ADD396100CA1A51 /* lioness.mp4 */,
				97B189C52ADD396200CA1A51 /* ostrich.mp4 */,
				97B189C62ADD396200CA1A51 /* rhino.mp4 */,
				97B189BF2ADD396100CA1A51 /* zebra.mp4 */,
			);
			path = Video;
			sourceTree = "<group>";
		};
		97B189D12ADD397E00CA1A51 /* Data */ = {
			isa = PBXGroup;
			children = (
				97B189D42ADD39A700CA1A51 /* animals.json */,
				97B189D22ADD39A700CA1A51 /* covers.json */,
				97B189D32ADD39A700CA1A51 /* locations.json */,
				97B189D52ADD39A700CA1A51 /* videos.json */,
			);
			path = Data;
			sourceTree = "<group>";
		};
		97B189DB2ADD3C8600CA1A51 /* App */ = {
			isa = PBXGroup;
			children = (
				97B189AE2ADD35D600CA1A51 /* JungleAppApp.swift */,
				97B189B02ADD35D600CA1A51 /* ContentView.swift */,
				97B189DC2ADD3CC300CA1A51 /* VideoListView.swift */,
				97B189DE2ADD3CEE00CA1A51 /* MapView.swift */,
				97B189E02ADD3D1500CA1A51 /* GalleryView.swift */,
				97B189E22ADD3D2B00CA1A51 /* MainView.swift */,
			);
			path = App;
			sourceTree = "<group>";
		};
		97B189E42ADD62E800CA1A51 /* View */ = {
			isa = PBXGroup;
			children = (
				97B189E52ADD62F900CA1A51 /* CoverImageView.swift */,
				97B189ED2ADDD0E600CA1A51 /* AnimalListItemView.swift */,
				97B189F12ADDD5FB00CA1A51 /* AnimalDetailView.swift */,
				97B189F32ADDDB5A00CA1A51 /* HeadingView.swift */,
				97B189F52ADDDCF900CA1A51 /* InsetGalleryView.swift */,
				978E5EA52AE073C500112C8F /* InsetFactView.swift */,
				978E5EA72AE07ADB00112C8F /* InsetMapView.swift */,
				978E5EA92AE07E7C00112C8F /* ExternalWeblinkView.swift */,
			);
			path = View;
			sourceTree = "<group>";
		};
		97B189E72ADDC59900CA1A51 /* Moldel */ = {
			isa = PBXGroup;
			children = (
				97B189E82ADDC5BE00CA1A51 /* CoverImageModel.swift */,
				97B189EF2ADDD2B700CA1A51 /* AnimalModel.swift */,
			);
			path = Moldel;
			sourceTree = "<group>";
		};
		97B189EA2ADDC67700CA1A51 /* Extension */ = {
			isa = PBXGroup;
			children = (
				97B189EB2ADDC69A00CA1A51 /* CodableBundleExtension.swift */,
			);
			path = Extension;
			sourceTree = "<group>";
		};
/* End PBXGroup section */

/* Begin PBXNativeTarget section */
		97B189AA2ADD35D600CA1A51 /* JungleApp */ = {
			isa = PBXNativeTarget;
			buildConfigurationList = 97B189B92ADD35D700CA1A51 /* Build configuration list for PBXNativeTarget "JungleApp" */;
			buildPhases = (
				97B189A72ADD35D600CA1A51 /* Sources */,
				97B189A82ADD35D600CA1A51 /* Frameworks */,
				97B189A92ADD35D600CA1A51 /* Resources */,
			);
			buildRules = (
			);
			dependencies = (
			);
			name = JungleApp;
			productName = JungleApp;
			productReference = 97B189AB2ADD35D600CA1A51 /* JungleApp.app */;
			productType = "com.apple.product-type.application";
		};
/* End PBXNativeTarget section */

/* Begin PBXProject section */
		97B189A32ADD35D600CA1A51 /* Project object */ = {
			isa = PBXProject;
			attributes = {
				BuildIndependentTargetsInParallel = 1;
				LastSwiftUpdateCheck = 1500;
				LastUpgradeCheck = 1500;
				TargetAttributes = {
					97B189AA2ADD35D600CA1A51 = {
						CreatedOnToolsVersion = 15.0;
					};
				};
			};
			buildConfigurationList = 97B189A62ADD35D600CA1A51 /* Build configuration list for PBXProject "JungleApp" */;
			compatibilityVersion = "Xcode 14.0";
			developmentRegion = en;
			hasScannedForEncodings = 0;
			knownRegions = (
				en,
				Base,
			);
			mainGroup = 97B189A22ADD35D600CA1A51;
			productRefGroup = 97B189AC2ADD35D600CA1A51 /* Products */;
			projectDirPath = "";
			projectRoot = "";
			targets = (
				97B189AA2ADD35D600CA1A51 /* JungleApp */,
			);
		};
/* End PBXProject section */

/* Begin PBXResourcesBuildPhase section */
		97B189A92ADD35D600CA1A51 /* Resources */ = {
			isa = PBXResourcesBuildPhase;
			buildActionMask = 2147483647;
			files = (
				97B189D82ADD39A700CA1A51 /* animals.json in Resources */,
				97B189D72ADD39A700CA1A51 /* locations.json in Resources */,
				97B189D62ADD39A700CA1A51 /* covers.json in Resources */,
				97B189D02ADD396200CA1A51 /* rhino.mp4 in Resources */,
				97B189C82ADD396200CA1A51 /* cheetah.mp4 in Resources */,
				97B189C92ADD396200CA1A51 /* zebra.mp4 in Resources */,
				97B189CE2ADD396200CA1A51 /* gorilla.mp4 in Resources */,
				97B189CD2ADD396200CA1A51 /* lioness.mp4 in Resources */,
				97B189CB2ADD396200CA1A51 /* lion.mp4 in Resources */,
				97B189B62ADD35D700CA1A51 /* Preview Assets.xcassets in Resources */,
				97B189CC2ADD396200CA1A51 /* elephant.mp4 in Resources */,
				97B189B32ADD35D700CA1A51 /* Assets.xcassets in Resources */,
				97B189CA2ADD396200CA1A51 /* hippo.mp4 in Resources */,
				97B189D92ADD39A700CA1A51 /* videos.json in Resources */,
				97B189C72ADD396200CA1A51 /* giraffe.mp4 in Resources */,
				97B189CF2ADD396200CA1A51 /* ostrich.mp4 in Resources */,
			);
			runOnlyForDeploymentPostprocessing = 0;
		};
/* End PBXResourcesBuildPhase section */

/* Begin PBXSourcesBuildPhase section */
		97B189A72ADD35D600CA1A51 /* Sources */ = {
			isa = PBXSourcesBuildPhase;
			buildActionMask = 2147483647;
			files = (
				978E5EAA2AE07E7C00112C8F /* ExternalWeblinkView.swift in Sources */,
				97B189B12ADD35D600CA1A51 /* ContentView.swift in Sources */,
				97B189EE2ADDD0E600CA1A51 /* AnimalListItemView.swift in Sources */,
				97B189E32ADD3D2B00CA1A51 /* MainView.swift in Sources */,
				978E5EA62AE073C500112C8F /* InsetFactView.swift in Sources */,
				97B189DF2ADD3CEE00CA1A51 /* MapView.swift in Sources */,
				97B189E92ADDC5BE00CA1A51 /* CoverImageModel.swift in Sources */,
				97B189F22ADDD5FB00CA1A51 /* AnimalDetailView.swift in Sources */,
				97B189F02ADDD2B700CA1A51 /* AnimalModel.swift in Sources */,
				97B189AF2ADD35D600CA1A51 /* JungleAppApp.swift in Sources */,
				978E5EA82AE07ADB00112C8F /* InsetMapView.swift in Sources */,
				97B189DD2ADD3CC300CA1A51 /* VideoListView.swift in Sources */,
				97B189E62ADD62F900CA1A51 /* CoverImageView.swift in Sources */,
				97B189E12ADD3D1500CA1A51 /* GalleryView.swift in Sources */,
				97B189F62ADDDCF900CA1A51 /* InsetGalleryView.swift in Sources */,
				97B189EC2ADDC69A00CA1A51 /* CodableBundleExtension.swift in Sources */,
				97B189F42ADDDB5A00CA1A51 /* HeadingView.swift in Sources */,
			);
			runOnlyForDeploymentPostprocessing = 0;
		};
/* End PBXSourcesBuildPhase section */

/* Begin XCBuildConfiguration section */
		97B189B72ADD35D700CA1A51 /* Debug */ = {
			isa = XCBuildConfiguration;
			buildSettings = {
				ALWAYS_SEARCH_USER_PATHS = NO;
				ASSETCATALOG_COMPILER_GENERATE_SWIFT_ASSET_SYMBOL_EXTENSIONS = YES;
				CLANG_ANALYZER_NONNULL = YES;
				CLANG_ANALYZER_NUMBER_OBJECT_CONVERSION = YES_AGGRESSIVE;
				CLANG_CXX_LANGUAGE_STANDARD = "gnu++20";
				CLANG_ENABLE_MODULES = YES;
				CLANG_ENABLE_OBJC_ARC = YES;
				CLANG_ENABLE_OBJC_WEAK = YES;
				CLANG_WARN_BLOCK_CAPTURE_AUTORELEASING = YES;
				CLANG_WARN_BOOL_CONVERSION = YES;
				CLANG_WARN_COMMA = YES;
				CLANG_WARN_CONSTANT_CONVERSION = YES;
				CLANG_WARN_DEPRECATED_OBJC_IMPLEMENTATIONS = YES;
				CLANG_WARN_DIRECT_OBJC_ISA_USAGE = YES_ERROR;
				CLANG_WARN_DOCUMENTATION_COMMENTS = YES;
				CLANG_WARN_EMPTY_BODY = YES;
				CLANG_WARN_ENUM_CONVERSION = YES;
				CLANG_WARN_INFINITE_RECURSION = YES;
				CLANG_WARN_INT_CONVERSION = YES;
				CLANG_WARN_NON_LITERAL_NULL_CONVERSION = YES;
				CLANG_WARN_OBJC_IMPLICIT_RETAIN_SELF = YES;
				CLANG_WARN_OBJC_LITERAL_CONVERSION = YES;
				CLANG_WARN_OBJC_ROOT_CLASS = YES_ERROR;
				CLANG_WARN_QUOTED_INCLUDE_IN_FRAMEWORK_HEADER = YES;
				CLANG_WARN_RANGE_LOOP_ANALYSIS = YES;
				CLANG_WARN_STRICT_PROTOTYPES = YES;
				CLANG_WARN_SUSPICIOUS_MOVE = YES;
				CLANG_WARN_UNGUARDED_AVAILABILITY = YES_AGGRESSIVE;
				CLANG_WARN_UNREACHABLE_CODE = YES;
				CLANG_WARN__DUPLICATE_METHOD_MATCH = YES;
				COPY_PHASE_STRIP = NO;
				DEBUG_INFORMATION_FORMAT = dwarf;
				ENABLE_STRICT_OBJC_MSGSEND = YES;
				ENABLE_TESTABILITY = YES;
				ENABLE_USER_SCRIPT_SANDBOXING = YES;
				GCC_C_LANGUAGE_STANDARD = gnu17;
				GCC_DYNAMIC_NO_PIC = NO;
				GCC_NO_COMMON_BLOCKS = YES;
				GCC_OPTIMIZATION_LEVEL = 0;
				GCC_PREPROCESSOR_DEFINITIONS = (
					"DEBUG=1",
					"$(inherited)",
				);
				GCC_WARN_64_TO_32_BIT_CONVERSION = YES;
				GCC_WARN_ABOUT_RETURN_TYPE = YES_ERROR;
				GCC_WARN_UNDECLARED_SELECTOR = YES;
				GCC_WARN_UNINITIALIZED_AUTOS = YES_AGGRESSIVE;
				GCC_WARN_UNUSED_FUNCTION = YES;
				GCC_WARN_UNUSED_VARIABLE = YES;
				IPHONEOS_DEPLOYMENT_TARGET = 17.0;
				LOCALIZATION_PREFERS_STRING_CATALOGS = YES;
				MTL_ENABLE_DEBUG_INFO = INCLUDE_SOURCE;
				MTL_FAST_MATH = YES;
				ONLY_ACTIVE_ARCH = YES;
				SDKROOT = iphoneos;
				SWIFT_ACTIVE_COMPILATION_CONDITIONS = "DEBUG $(inherited)";
				SWIFT_OPTIMIZATION_LEVEL = "-Onone";
			};
			name = Debug;
		};
		97B189B82ADD35D700CA1A51 /* Release */ = {
			isa = XCBuildConfiguration;
			buildSettings = {
				ALWAYS_SEARCH_USER_PATHS = NO;
				ASSETCATALOG_COMPILER_GENERATE_SWIFT_ASSET_SYMBOL_EXTENSIONS = YES;
				CLANG_ANALYZER_NONNULL = YES;
				CLANG_ANALYZER_NUMBER_OBJECT_CONVERSION = YES_AGGRESSIVE;
				CLANG_CXX_LANGUAGE_STANDARD = "gnu++20";
				CLANG_ENABLE_MODULES = YES;
				CLANG_ENABLE_OBJC_ARC = YES;
				CLANG_ENABLE_OBJC_WEAK = YES;
				CLANG_WARN_BLOCK_CAPTURE_AUTORELEASING = YES;
				CLANG_WARN_BOOL_CONVERSION = YES;
				CLANG_WARN_COMMA = YES;
				CLANG_WARN_CONSTANT_CONVERSION = YES;
				CLANG_WARN_DEPRECATED_OBJC_IMPLEMENTATIONS = YES;
				CLANG_WARN_DIRECT_OBJC_ISA_USAGE = YES_ERROR;
				CLANG_WARN_DOCUMENTATION_COMMENTS = YES;
				CLANG_WARN_EMPTY_BODY = YES;
				CLANG_WARN_ENUM_CONVERSION = YES;
				CLANG_WARN_INFINITE_RECURSION = YES;
				CLANG_WARN_INT_CONVERSION = YES;
				CLANG_WARN_NON_LITERAL_NULL_CONVERSION = YES;
				CLANG_WARN_OBJC_IMPLICIT_RETAIN_SELF = YES;
				CLANG_WARN_OBJC_LITERAL_CONVERSION = YES;
				CLANG_WARN_OBJC_ROOT_CLASS = YES_ERROR;
				CLANG_WARN_QUOTED_INCLUDE_IN_FRAMEWORK_HEADER = YES;
				CLANG_WARN_RANGE_LOOP_ANALYSIS = YES;
				CLANG_WARN_STRICT_PROTOTYPES = YES;
				CLANG_WARN_SUSPICIOUS_MOVE = YES;
				CLANG_WARN_UNGUARDED_AVAILABILITY = YES_AGGRESSIVE;
				CLANG_WARN_UNREACHABLE_CODE = YES;
				CLANG_WARN__DUPLICATE_METHOD_MATCH = YES;
				COPY_PHASE_STRIP = NO;
				DEBUG_INFORMATION_FORMAT = "dwarf-with-dsym";
				ENABLE_NS_ASSERTIONS = NO;
				ENABLE_STRICT_OBJC_MSGSEND = YES;
				ENABLE_USER_SCRIPT_SANDBOXING = YES;
				GCC_C_LANGUAGE_STANDARD = gnu17;
				GCC_NO_COMMON_BLOCKS = YES;
				GCC_WARN_64_TO_32_BIT_CONVERSION = YES;
				GCC_WARN_ABOUT_RETURN_TYPE = YES_ERROR;
				GCC_WARN_UNDECLARED_SELECTOR = YES;
				GCC_WARN_UNINITIALIZED_AUTOS = YES_AGGRESSIVE;
				GCC_WARN_UNUSED_FUNCTION = YES;
				GCC_WARN_UNUSED_VARIABLE = YES;
				IPHONEOS_DEPLOYMENT_TARGET = 17.0;
				LOCALIZATION_PREFERS_STRING_CATALOGS = YES;
				MTL_ENABLE_DEBUG_INFO = NO;
				MTL_FAST_MATH = YES;
				SDKROOT = iphoneos;
				SWIFT_COMPILATION_MODE = wholemodule;
				VALIDATE_PRODUCT = YES;
			};
			name = Release;
		};
		97B189BA2ADD35D700CA1A51 /* Debug */ = {
			isa = XCBuildConfiguration;
			buildSettings = {
				ASSETCATALOG_COMPILER_APPICON_NAME = AppIcon;
				ASSETCATALOG_COMPILER_GLOBAL_ACCENT_COLOR_NAME = AccentColor;
				CODE_SIGN_STYLE = Automatic;
				CURRENT_PROJECT_VERSION = 1;
				DEVELOPMENT_ASSET_PATHS = "\"JungleApp/Preview Content\"";
				DEVELOPMENT_TEAM = CTTMXX3X92;
				ENABLE_PREVIEWS = YES;
				GENERATE_INFOPLIST_FILE = YES;
				INFOPLIST_FILE = JungleApp/Info.plist;
				INFOPLIST_KEY_LSApplicationCategoryType = "";
				INFOPLIST_KEY_UIApplicationSceneManifest_Generation = YES;
				INFOPLIST_KEY_UIApplicationSupportsIndirectInputEvents = YES;
				INFOPLIST_KEY_UILaunchScreen_Generation = YES;
				INFOPLIST_KEY_UISupportedInterfaceOrientations_iPad = "UIInterfaceOrientationPortrait UIInterfaceOrientationPortraitUpsideDown UIInterfaceOrientationLandscapeLeft UIInterfaceOrientationLandscapeRight";
				INFOPLIST_KEY_UISupportedInterfaceOrientations_iPhone = "UIInterfaceOrientationPortrait UIInterfaceOrientationLandscapeLeft UIInterfaceOrientationLandscapeRight";
				INFOPLIST_KEY_UIUserInterfaceStyle = Dark;
				LD_RUNPATH_SEARCH_PATHS = (
					"$(inherited)",
					"@executable_path/Frameworks",
				);
				MARKETING_VERSION = 1.0;
				PRODUCT_BUNDLE_IDENTIFIER = com.personal.mirel.JungleApp;
				PRODUCT_NAME = "$(TARGET_NAME)";
				SWIFT_EMIT_LOC_STRINGS = YES;
				SWIFT_VERSION = 5.0;
				TARGETED_DEVICE_FAMILY = "1,2";
			};
			name = Debug;
		};
		97B189BB2ADD35D700CA1A51 /* Release */ = {
			isa = XCBuildConfiguration;
			buildSettings = {
				ASSETCATALOG_COMPILER_APPICON_NAME = AppIcon;
				ASSETCATALOG_COMPILER_GLOBAL_ACCENT_COLOR_NAME = AccentColor;
				CODE_SIGN_STYLE = Automatic;
				CURRENT_PROJECT_VERSION = 1;
				DEVELOPMENT_ASSET_PATHS = "\"JungleApp/Preview Content\"";
				DEVELOPMENT_TEAM = CTTMXX3X92;
				ENABLE_PREVIEWS = YES;
				GENERATE_INFOPLIST_FILE = YES;
				INFOPLIST_FILE = JungleApp/Info.plist;
				INFOPLIST_KEY_LSApplicationCategoryType = "";
				INFOPLIST_KEY_UIApplicationSceneManifest_Generation = YES;
				INFOPLIST_KEY_UIApplicationSupportsIndirectInputEvents = YES;
				INFOPLIST_KEY_UILaunchScreen_Generation = YES;
				INFOPLIST_KEY_UISupportedInterfaceOrientations_iPad = "UIInterfaceOrientationPortrait UIInterfaceOrientationPortraitUpsideDown UIInterfaceOrientationLandscapeLeft UIInterfaceOrientationLandscapeRight";
				INFOPLIST_KEY_UISupportedInterfaceOrientations_iPhone = "UIInterfaceOrientationPortrait UIInterfaceOrientationLandscapeLeft UIInterfaceOrientationLandscapeRight";
				INFOPLIST_KEY_UIUserInterfaceStyle = Dark;
				LD_RUNPATH_SEARCH_PATHS = (
					"$(inherited)",
					"@executable_path/Frameworks",
				);
				MARKETING_VERSION = 1.0;
				PRODUCT_BUNDLE_IDENTIFIER = com.personal.mirel.JungleApp;
				PRODUCT_NAME = "$(TARGET_NAME)";
				SWIFT_EMIT_LOC_STRINGS = YES;
				SWIFT_VERSION = 5.0;
				TARGETED_DEVICE_FAMILY = "1,2";
			};
			name = Release;
		};
/* End XCBuildConfiguration section */

/* Begin XCConfigurationList section */
		97B189A62ADD35D600CA1A51 /* Build configuration list for PBXProject "JungleApp" */ = {
			isa = XCConfigurationList;
			buildConfigurations = (
				97B189B72ADD35D700CA1A51 /* Debug */,
				97B189B82ADD35D700CA1A51 /* Release */,
			);
			defaultConfigurationIsVisible = 0;
			defaultConfigurationName = Release;
		};
		97B189B92ADD35D700CA1A51 /* Build configuration list for PBXNativeTarget "JungleApp" */ = {
			isa = XCConfigurationList;
			buildConfigurations = (
				97B189BA2ADD35D700CA1A51 /* Debug */,
				97B189BB2ADD35D700CA1A51 /* Release */,
			);
			defaultConfigurationIsVisible = 0;
			defaultConfigurationName = Release;
		};
/* End XCConfigurationList section */
	};
	rootObject = 97B189A32ADD35D600CA1A51 /* Project object */;
}
